
Microsoft Visual Studio Solution File, Format Version 12.00
# Visual Studio Version 17
VisualStudioVersion = 17.11.35303.130
MinimumVisualStudioVersion = 10.0.40219.1
Project("{FAE04EC0-301F-11D3-BF4B-00C04F79EFBC}") = "SYSTEMTASK4", "SYSTEMTASK4\SYSTEMTASK4.csproj", "{5D9471F4-670D-4CB0-B391-BCCE017D0B21}"
EndProject
Global
	GlobalSection(SolutionConfigurationPlatforms) = preSolution
		Debug|Any CPU = Debug|Any CPU
		Release|Any CPU = Release|Any CPU
	EndGlobalSection
	GlobalSection(ProjectConfigurationPlatforms) = postSolution
		{5D9471F4-670D-4CB0-B391-BCCE017D0B21}.Debug|Any CPU.ActiveCfg = Debug|Any CPU
		{5D9471F4-670D-4CB0-B391-BCCE017D0B21}.Debug|Any CPU.Build.0 = Debug|Any CPU
		{5D9471F4-670D-4CB0-B391-BCCE017D0B21}.Release|Any CPU.ActiveCfg = Release|Any CPU
		{5D9471F4-670D-4CB0-B391-BCCE017D0B21}.Release|Any CPU.Build.0 = Release|Any CPU
	EndGlobalSection
	GlobalSection(SolutionProperties) = preSolution
		HideSolutionNode = FALSE
	EndGlobalSection
	GlobalSection(ExtensibilityGlobals) = postSolution
		SolutionGuid = {5F7E2057-D360-4D87-BF25-B8DF58FABA9A}
	EndGlobalSection
EndGlobal
